
Microsoft Visual Studio Solution File, Format Version 12.00
# Visual Studio Version 17
VisualStudioVersion = 17.7.34221.43
MinimumVisualStudioVersion = 10.0.40219.1
Project("{FAE04EC0-301F-11D3-BF4B-00C04F79EFBC}") = "ProyectoValhallaFrontEnd", "ProyectoValhallaFrontEnd\ProyectoValhallaFrontEnd.csproj", "{5A8F313D-DB67-4315-A741-1A86B4F31352}"
EndProject
Global
	GlobalSection(SolutionConfigurationPlatforms) = preSolution
		Debug|Any CPU = Debug|Any CPU
		Release|Any CPU = Release|Any CPU
	EndGlobalSection
	GlobalSection(ProjectConfigurationPlatforms) = postSolution
		{5A8F313D-DB67-4315-A741-1A86B4F31352}.Debug|Any CPU.ActiveCfg = Debug|Any CPU
		{5A8F313D-DB67-4315-A741-1A86B4F31352}.Debug|Any CPU.Build.0 = Debug|Any CPU
		{5A8F313D-DB67-4315-A741-1A86B4F31352}.Release|Any CPU.ActiveCfg = Release|Any CPU
		{5A8F313D-DB67-4315-A741-1A86B4F31352}.Release|Any CPU.Build.0 = Release|Any CPU
	EndGlobalSection
	GlobalSection(SolutionProperties) = preSolution
		HideSolutionNode = FALSE
	EndGlobalSection
	GlobalSection(ExtensibilityGlobals) = postSolution
		SolutionGuid = {42E27CF7-B87F-4B44-8D01-1A7DA7911812}
	EndGlobalSection
EndGlobal
